// !$*UTF8*$!
{
	archiveVersion = 1;
	classes = {
	};
	objectVersion = 77;
	objects = {

/* Begin PBXBuildFile section */
		0AE81C5000000001005229AF /* Sparkle in Frameworks */ = {isa = PBXBuildFile; productRef = 0AE81C5000000002005229AF /* Sparkle */; };
		0AE81C282FE0184C005229AF /* WidgetKit.framework in Frameworks */ = {isa = PBXBuildFile; fileRef = 0AE81C272FE0184B005229AF /* WidgetKit.framework */; };
		0AE81C2A2FE0184C005229AF /* SwiftUI.framework in Frameworks */ = {isa = PBXBuildFile; fileRef = 0AE81C292FE0184C005229AF /* SwiftUI.framework */; };
		0AE81C392FE0184D005229AF /* CalendarWidgetExtension.appex in Embed Foundation Extensions */ = {isa = PBXBuildFile; fileRef = 0AE81C252FE0184B005229AF /* CalendarWidgetExtension.appex */; settings = {ATTRIBUTES = (RemoveHeadersOnCopy, ); }; };
		0AE81C422FE07000005229AF /* EventKit.framework in Frameworks */ = {isa = PBXBuildFile; fileRef = 0AE81C412FE07000005229AF /* EventKit.framework */; };
		0AE81C432FE07000005229AF /* WidgetKit.framework in Frameworks */ = {isa = PBXBuildFile; fileRef = 0AE81C272FE0184B005229AF /* WidgetKit.framework */; };
/* End PBXBuildFile section */

/* Begin PBXContainerItemProxy section */
		0AE81C372FE0184D005229AF /* PBXContainerItemProxy */ = {
			isa = PBXContainerItemProxy;
			containerPortal = 0AE81C0B2FE0024F005229AF /* Project object */;
			proxyType = 1;
			remoteGlobalIDString = 0AE81C242FE0184B005229AF;
			remoteInfo = CalendarWidgetExtension;
		};
/* End PBXContainerItemProxy section */

/* Begin PBXCopyFilesBuildPhase section */
		0AE81C3E2FE0184D005229AF /* Embed Foundation Extensions */ = {
			isa = PBXCopyFilesBuildPhase;
			buildActionMask = 2147483647;
			dstPath = "";
			dstSubfolderSpec = 13;
			files = (
				0AE81C392FE0184D005229AF /* CalendarWidgetExtension.appex in Embed Foundation Extensions */,
			);
			name = "Embed Foundation Extensions";
			runOnlyForDeploymentPostprocessing = 0;
		};
/* End PBXCopyFilesBuildPhase section */

/* Begin PBXFileReference section */
		0AE81C132FE0024F005229AF /* ttcalendar.app */ = {isa = PBXFileReference; explicitFileType = wrapper.application; includeInIndex = 0; name = ttcalendar.app; path = "抬头日历.app"; sourceTree = BUILT_PRODUCTS_DIR; };
		0AE81C252FE0184B005229AF /* CalendarWidgetExtension.appex */ = {isa = PBXFileReference; explicitFileType = "wrapper.app-extension"; includeInIndex = 0; path = CalendarWidgetExtension.appex; sourceTree = BUILT_PRODUCTS_DIR; };
		0AE81C272FE0184B005229AF /* WidgetKit.framework */ = {isa = PBXFileReference; lastKnownFileType = wrapper.framework; name = WidgetKit.framework; path = System/Library/Frameworks/WidgetKit.framework; sourceTree = SDKROOT; };
		0AE81C292FE0184C005229AF /* SwiftUI.framework */ = {isa = PBXFileReference; lastKnownFileType = wrapper.framework; name = SwiftUI.framework; path = System/Library/Frameworks/SwiftUI.framework; sourceTree = SDKROOT; };
		0AE81C412FE07000005229AF /* EventKit.framework */ = {isa = PBXFileReference; lastKnownFileType = wrapper.framework; name = EventKit.framework; path = System/Library/Frameworks/EventKit.framework; sourceTree = SDKROOT; };
/* End PBXFileReference section */

/* Begin PBXFileSystemSynchronizedBuildFileExceptionSet section */
		0AE81C5000000004005229AF /* Exceptions for "ttcalendar" folder in "ttcalendar" target */ = {
			isa = PBXFileSystemSynchronizedBuildFileExceptionSet;
			membershipExceptions = (
				Info.plist,
			);
			target = 0AE81C122FE0024F005229AF /* ttcalendar */;
		};
		0AE81C3A2FE0184D005229AF /* Exceptions for "CalendarWidget" folder in "CalendarWidgetExtension" target */ = {
			isa = PBXFileSystemSynchronizedBuildFileExceptionSet;
			membershipExceptions = (
				Info.plist,
			);
			target = 0AE81C242FE0184B005229AF /* CalendarWidgetExtension */;
		};
/* End PBXFileSystemSynchronizedBuildFileExceptionSet section */

/* Begin PBXFileSystemSynchronizedRootGroup section */
		0AE81C152FE0024F005229AF /* ttcalendar */ = {
			isa = PBXFileSystemSynchronizedRootGroup;
			exceptions = (
				0AE81C5000000004005229AF /* Exceptions for "ttcalendar" folder in "ttcalendar" target */,
			);
			path = ttcalendar;
			sourceTree = "<group>";
		};
		0AE81C2B2FE0184C005229AF /* CalendarWidget */ = {
			isa = PBXFileSystemSynchronizedRootGroup;
			exceptions = (
				0AE81C3A2FE0184D005229AF /* Exceptions for "CalendarWidget" folder in "CalendarWidgetExtension" target */,
			);
			path = CalendarWidget;
			sourceTree = "<group>";
		};
		0AE81C402FE03000005229AF /* Shared */ = {
			isa = PBXFileSystemSynchronizedRootGroup;
			path = Shared;
			sourceTree = "<group>";
		};
/* End PBXFileSystemSynchronizedRootGroup section */

/* Begin PBXFrameworksBuildPhase section */
		0AE81C102FE0024F005229AF /* Frameworks */ = {
			isa = PBXFrameworksBuildPhase;
			buildActionMask = 2147483647;
			files = (
				0AE81C5000000001005229AF /* Sparkle in Frameworks */,
				0AE81C432FE07000005229AF /* WidgetKit.framework in Frameworks */,
				0AE81C422FE07000005229AF /* EventKit.framework in Frameworks */,
			);
			runOnlyForDeploymentPostprocessing = 0;
		};
		0AE81C222FE0184B005229AF /* Frameworks */ = {
			isa = PBXFrameworksBuildPhase;
			buildActionMask = 2147483647;
			files = (
				0AE81C2A2FE0184C005229AF /* SwiftUI.framework in Frameworks */,
				0AE81C282FE0184C005229AF /* WidgetKit.framework in Frameworks */,
			);
			runOnlyForDeploymentPostprocessing = 0;
		};
/* End PBXFrameworksBuildPhase section */

/* Begin PBXGroup section */
		0AE81C0A2FE0024F005229AF = {
			isa = PBXGroup;
			children = (
				0AE81C152FE0024F005229AF /* ttcalendar */,
				0AE81C402FE03000005229AF /* Shared */,
				0AE81C2B2FE0184C005229AF /* CalendarWidget */,
				0AE81C262FE0184B005229AF /* Frameworks */,
				0AE81C142FE0024F005229AF /* Products */,
			);
			sourceTree = "<group>";
		};
		0AE81C142FE0024F005229AF /* Products */ = {
			isa = PBXGroup;
			children = (
				0AE81C132FE0024F005229AF /* ttcalendar.app */,
				0AE81C252FE0184B005229AF /* CalendarWidgetExtension.appex */,
			);
			name = Products;
			sourceTree = "<group>";
		};
		0AE81C262FE0184B005229AF /* Frameworks */ = {
			isa = PBXGroup;
			children = (
				0AE81C412FE07000005229AF /* EventKit.framework */,
				0AE81C272FE0184B005229AF /* WidgetKit.framework */,
				0AE81C292FE0184C005229AF /* SwiftUI.framework */,
			);
			name = Frameworks;
			sourceTree = "<group>";
		};
/* End PBXGroup section */

/* Begin PBXNativeTarget section */
		0AE81C122FE0024F005229AF /* ttcalendar */ = {
			isa = PBXNativeTarget;
			buildConfigurationList = 0AE81C1E2FE00251005229AF /* Build configuration list for PBXNativeTarget "ttcalendar" */;
			buildPhases = (
				0AE81C0F2FE0024F005229AF /* Sources */,
				0AE81C102FE0024F005229AF /* Frameworks */,
				0AE81C112FE0024F005229AF /* Resources */,
				0AE81C3E2FE0184D005229AF /* Embed Foundation Extensions */,
			);
			buildRules = (
			);
			dependencies = (
				0AE81C382FE0184D005229AF /* PBXTargetDependency */,
			);
			fileSystemSynchronizedGroups = (
				0AE81C152FE0024F005229AF /* ttcalendar */,
				0AE81C402FE03000005229AF /* Shared */,
			);
			name = ttcalendar;
			packageProductDependencies = (
				0AE81C5000000002005229AF /* Sparkle */,
			);
			productName = ttcalendar;
			productReference = 0AE81C132FE0024F005229AF /* ttcalendar.app */;
			productType = "com.apple.product-type.application";
		};
		0AE81C242FE0184B005229AF /* CalendarWidgetExtension */ = {
			isa = PBXNativeTarget;
			buildConfigurationList = 0AE81C3B2FE0184D005229AF /* Build configuration list for PBXNativeTarget "CalendarWidgetExtension" */;
			buildPhases = (
				0AE81C212FE0184B005229AF /* Sources */,
				0AE81C222FE0184B005229AF /* Frameworks */,
				0AE81C232FE0184B005229AF /* Resources */,
			);
			buildRules = (
			);
			dependencies = (
			);
			fileSystemSynchronizedGroups = (
				0AE81C2B2FE0184C005229AF /* CalendarWidget */,
				0AE81C402FE03000005229AF /* Shared */,
			);
			name = CalendarWidgetExtension;
			packageProductDependencies = (
			);
			productName = CalendarWidgetExtension;
			productReference = 0AE81C252FE0184B005229AF /* CalendarWidgetExtension.appex */;
			productType = "com.apple.product-type.app-extension";
		};
/* End PBXNativeTarget section */

/* Begin PBXProject section */
		0AE81C0B2FE0024F005229AF /* Project object */ = {
			isa = PBXProject;
			attributes = {
				BuildIndependentTargetsInParallel = 1;
				LastSwiftUpdateCheck = 2650;
				LastUpgradeCheck = 2650;
				TargetAttributes = {
					0AE81C122FE0024F005229AF = {
						CreatedOnToolsVersion = 26.5;
					};
					0AE81C242FE0184B005229AF = {
						CreatedOnToolsVersion = 26.5;
					};
				};
			};
			buildConfigurationList = 0AE81C0E2FE0024F005229AF /* Build configuration list for PBXProject "ttcalendar" */;
			developmentRegion = en;
			hasScannedForEncodings = 0;
			knownRegions = (
				en,
				zh_CN,
				Base,
			);
			mainGroup = 0AE81C0A2FE0024F005229AF;
			minimizedProjectReferenceProxies = 1;
			preferredProjectObjectVersion = 77;
			productRefGroup = 0AE81C142FE0024F005229AF /* Products */;
			projectDirPath = "";
			projectRoot = "";
			packageReferences = (
				0AE81C5000000003005229AF /* XCRemoteSwiftPackageReference "Sparkle" */,
			);
			targets = (
				0AE81C122FE0024F005229AF /* ttcalendar */,
				0AE81C242FE0184B005229AF /* CalendarWidgetExtension */,
			);
		};
/* End PBXProject section */

/* Begin PBXResourcesBuildPhase section */
		0AE81C112FE0024F005229AF /* Resources */ = {
			isa = PBXResourcesBuildPhase;
			buildActionMask = 2147483647;
			files = (
			);
			runOnlyForDeploymentPostprocessing = 0;
		};
		0AE81C232FE0184B005229AF /* Resources */ = {
			isa = PBXResourcesBuildPhase;
			buildActionMask = 2147483647;
			files = (
			);
			runOnlyForDeploymentPostprocessing = 0;
		};
/* End PBXResourcesBuildPhase section */

/* Begin PBXSourcesBuildPhase section */
		0AE81C0F2FE0024F005229AF /* Sources */ = {
			isa = PBXSourcesBuildPhase;
			buildActionMask = 2147483647;
			files = (
			);
			runOnlyForDeploymentPostprocessing = 0;
		};
		0AE81C212FE0184B005229AF /* Sources */ = {
			isa = PBXSourcesBuildPhase;
			buildActionMask = 2147483647;
			files = (
			);
			runOnlyForDeploymentPostprocessing = 0;
		};
/* End PBXSourcesBuildPhase section */

/* Begin PBXTargetDependency section */
		0AE81C382FE0184D005229AF /* PBXTargetDependency */ = {
			isa = PBXTargetDependency;
			target = 0AE81C242FE0184B005229AF /* CalendarWidgetExtension */;
			targetProxy = 0AE81C372FE0184D005229AF /* PBXContainerItemProxy */;
		};
/* End PBXTargetDependency section */

/* Begin XCBuildConfiguration section */
		0AE81C1C2FE00251005229AF /* Debug */ = {
			isa = XCBuildConfiguration;
			buildSettings = {
				ALWAYS_SEARCH_USER_PATHS = NO;
				ASSETCATALOG_COMPILER_GENERATE_SWIFT_ASSET_SYMBOL_EXTENSIONS = YES;
				CLANG_ANALYZER_NONNULL = YES;
				CLANG_ANALYZER_NUMBER_OBJECT_CONVERSION = YES_AGGRESSIVE;
				CLANG_CXX_LANGUAGE_STANDARD = "gnu++20";
				CLANG_ENABLE_MODULES = YES;
				CLANG_ENABLE_OBJC_ARC = YES;
				CLANG_ENABLE_OBJC_WEAK = YES;
				CLANG_WARN_BLOCK_CAPTURE_AUTORELEASING = YES;
				CLANG_WARN_BOOL_CONVERSION = YES;
				CLANG_WARN_COMMA = YES;
				CLANG_WARN_CONSTANT_CONVERSION = YES;
				CLANG_WARN_DEPRECATED_OBJC_IMPLEMENTATIONS = YES;
				CLANG_WARN_DIRECT_OBJC_ISA_USAGE = YES_ERROR;
				CLANG_WARN_DOCUMENTATION_COMMENTS = YES;
				CLANG_WARN_EMPTY_BODY = YES;
				CLANG_WARN_ENUM_CONVERSION = YES;
				CLANG_WARN_INFINITE_RECURSION = YES;
				CLANG_WARN_INT_CONVERSION = YES;
				CLANG_WARN_NON_LITERAL_NULL_CONVERSION = YES;
				CLANG_WARN_OBJC_IMPLICIT_RETAIN_SELF = YES;
				CLANG_WARN_OBJC_LITERAL_CONVERSION = YES;
				CLANG_WARN_OBJC_ROOT_CLASS = YES_ERROR;
				CLANG_WARN_QUOTED_INCLUDE_IN_FRAMEWORK_HEADER = YES;
				CLANG_WARN_RANGE_LOOP_ANALYSIS = YES;
				CLANG_WARN_STRICT_PROTOTYPES = YES;
				CLANG_WARN_SUSPICIOUS_MOVE = YES;
				CLANG_WARN_UNGUARDED_AVAILABILITY = YES_AGGRESSIVE;
				CLANG_WARN_UNREACHABLE_CODE = YES;
				CLANG_WARN__DUPLICATE_METHOD_MATCH = YES;
				COPY_PHASE_STRIP = NO;
				DEBUG_INFORMATION_FORMAT = dwarf;
				DEVELOPMENT_TEAM = 5EDXFWFU52;
				ENABLE_STRICT_OBJC_MSGSEND = YES;
				ENABLE_TESTABILITY = YES;
				ENABLE_USER_SCRIPT_SANDBOXING = YES;
				GCC_C_LANGUAGE_STANDARD = gnu17;
				GCC_DYNAMIC_NO_PIC = NO;
				GCC_NO_COMMON_BLOCKS = YES;
				GCC_OPTIMIZATION_LEVEL = 0;
				GCC_PREPROCESSOR_DEFINITIONS = (
					"DEBUG=1",
					"$(inherited)",
				);
				GCC_WARN_64_TO_32_BIT_CONVERSION = YES;
				GCC_WARN_ABOUT_RETURN_TYPE = YES_ERROR;
				GCC_WARN_UNDECLARED_SELECTOR = YES;
				GCC_WARN_UNINITIALIZED_AUTOS = YES_AGGRESSIVE;
				GCC_WARN_UNUSED_FUNCTION = YES;
				GCC_WARN_UNUSED_VARIABLE = YES;
				LOCALIZATION_PREFERS_STRING_CATALOGS = YES;
				MACOSX_DEPLOYMENT_TARGET = 26.5;
				MTL_ENABLE_DEBUG_INFO = INCLUDE_SOURCE;
				MTL_FAST_MATH = YES;
				ONLY_ACTIVE_ARCH = YES;
				SDKROOT = macosx;
				SWIFT_ACTIVE_COMPILATION_CONDITIONS = "DEBUG $(inherited)";
				SWIFT_OPTIMIZATION_LEVEL = "-Onone";
			};
			name = Debug;
		};
		0AE81C1D2FE00251005229AF /* Release */ = {
			isa = XCBuildConfiguration;
			buildSettings = {
				ALWAYS_SEARCH_USER_PATHS = NO;
				ASSETCATALOG_COMPILER_GENERATE_SWIFT_ASSET_SYMBOL_EXTENSIONS = YES;
				CLANG_ANALYZER_NONNULL = YES;
				CLANG_ANALYZER_NUMBER_OBJECT_CONVERSION = YES_AGGRESSIVE;
				CLANG_CXX_LANGUAGE_STANDARD = "gnu++20";
				CLANG_ENABLE_MODULES = YES;
				CLANG_ENABLE_OBJC_ARC = YES;
				CLANG_ENABLE_OBJC_WEAK = YES;
				CLANG_WARN_BLOCK_CAPTURE_AUTORELEASING = YES;
				CLANG_WARN_BOOL_CONVERSION = YES;
				CLANG_WARN_COMMA = YES;
				CLANG_WARN_CONSTANT_CONVERSION = YES;
				CLANG_WARN_DEPRECATED_OBJC_IMPLEMENTATIONS = YES;
				CLANG_WARN_DIRECT_OBJC_ISA_USAGE = YES_ERROR;
				CLANG_WARN_DOCUMENTATION_COMMENTS = YES;
				CLANG_WARN_EMPTY_BODY = YES;
				CLANG_WARN_ENUM_CONVERSION = YES;
				CLANG_WARN_INFINITE_RECURSION = YES;
				CLANG_WARN_INT_CONVERSION = YES;
				CLANG_WARN_NON_LITERAL_NULL_CONVERSION = YES;
				CLANG_WARN_OBJC_IMPLICIT_RETAIN_SELF = YES;
				CLANG_WARN_OBJC_LITERAL_CONVERSION = YES;
				CLANG_WARN_OBJC_ROOT_CLASS = YES_ERROR;
				CLANG_WARN_QUOTED_INCLUDE_IN_FRAMEWORK_HEADER = YES;
				CLANG_WARN_RANGE_LOOP_ANALYSIS = YES;
				CLANG_WARN_STRICT_PROTOTYPES = YES;
				CLANG_WARN_SUSPICIOUS_MOVE = YES;
				CLANG_WARN_UNGUARDED_AVAILABILITY = YES_AGGRESSIVE;
				CLANG_WARN_UNREACHABLE_CODE = YES;
				CLANG_WARN__DUPLICATE_METHOD_MATCH = YES;
				COPY_PHASE_STRIP = NO;
				DEBUG_INFORMATION_FORMAT = "dwarf-with-dsym";
				DEVELOPMENT_TEAM = 5EDXFWFU52;
				ENABLE_NS_ASSERTIONS = NO;
				ENABLE_STRICT_OBJC_MSGSEND = YES;
				ENABLE_USER_SCRIPT_SANDBOXING = YES;
				GCC_C_LANGUAGE_STANDARD = gnu17;
				GCC_NO_COMMON_BLOCKS = YES;
				GCC_WARN_64_TO_32_BIT_CONVERSION = YES;
				GCC_WARN_ABOUT_RETURN_TYPE = YES_ERROR;
				GCC_WARN_UNDECLARED_SELECTOR = YES;
				GCC_WARN_UNINITIALIZED_AUTOS = YES_AGGRESSIVE;
				GCC_WARN_UNUSED_FUNCTION = YES;
				GCC_WARN_UNUSED_VARIABLE = YES;
				LOCALIZATION_PREFERS_STRING_CATALOGS = YES;
				MACOSX_DEPLOYMENT_TARGET = 26.5;
				MTL_ENABLE_DEBUG_INFO = NO;
				MTL_FAST_MATH = YES;
				SDKROOT = macosx;
				SWIFT_COMPILATION_MODE = wholemodule;
			};
			name = Release;
		};
		0AE81C1F2FE00251005229AF /* Debug */ = {
			isa = XCBuildConfiguration;
			buildSettings = {
				ASSETCATALOG_COMPILER_APPICON_NAME = AppIcon;
				ASSETCATALOG_COMPILER_GLOBAL_ACCENT_COLOR_NAME = AccentColor;
				CODE_SIGN_ENTITLEMENTS = ttcalendar/ttcalendar.entitlements;
				CODE_SIGN_STYLE = Automatic;
				COMBINE_HIDPI_IMAGES = YES;
				CURRENT_PROJECT_VERSION = 15;
				DEVELOPMENT_TEAM = 5EDXFWFU52;
				ENABLE_APP_SANDBOX = YES;
				ENABLE_HARDENED_RUNTIME = YES;
				ENABLE_PREVIEWS = YES;
				ENABLE_USER_SELECTED_FILES = readonly;
				GENERATE_INFOPLIST_FILE = YES;
				INFOPLIST_FILE = ttcalendar/Info.plist;
				INFOPLIST_KEY_CFBundleDisplayName = "抬头日历";
				INFOPLIST_KEY_CFBundleName = "抬头日历";
				INFOPLIST_KEY_LSApplicationCategoryType = "public.app-category.productivity";
				INFOPLIST_KEY_NSCalendarsFullAccessUsageDescription = "用于读取本机日历中的节假日信息，并在日历小组件中显示。";
				INFOPLIST_KEY_NSCalendarsUsageDescription = "用于读取本机日历中的节假日信息，并在日历小组件中显示。";
				INFOPLIST_KEY_NSHumanReadableCopyright = "";
				LD_RUNPATH_SEARCH_PATHS = (
					"$(inherited)",
					"@executable_path/../Frameworks",
				);
				MARKETING_VERSION = 1.15;
				PRODUCT_BUNDLE_IDENTIFIER = akmumu.ttcalendar;
				PRODUCT_NAME = "抬头日历";
				REGISTER_APP_GROUPS = YES;
				STRING_CATALOG_GENERATE_SYMBOLS = YES;
				SWIFT_APPROACHABLE_CONCURRENCY = YES;
				SWIFT_DEFAULT_ACTOR_ISOLATION = MainActor;
				SWIFT_EMIT_LOC_STRINGS = YES;
				SWIFT_UPCOMING_FEATURE_MEMBER_IMPORT_VISIBILITY = YES;
				SWIFT_VERSION = 5.0;
			};
			name = Debug;
		};
		0AE81C202FE00251005229AF /* Release */ = {
			isa = XCBuildConfiguration;
			buildSettings = {
				ASSETCATALOG_COMPILER_APPICON_NAME = AppIcon;
				ASSETCATALOG_COMPILER_GLOBAL_ACCENT_COLOR_NAME = AccentColor;
				CODE_SIGN_ENTITLEMENTS = ttcalendar/ttcalendar.entitlements;
				CODE_SIGN_STYLE = Automatic;
				COMBINE_HIDPI_IMAGES = YES;
				CURRENT_PROJECT_VERSION = 15;
				DEVELOPMENT_TEAM = 5EDXFWFU52;
				ENABLE_APP_SANDBOX = YES;
				ENABLE_HARDENED_RUNTIME = YES;
				ENABLE_PREVIEWS = YES;
				ENABLE_USER_SELECTED_FILES = readonly;
				GENERATE_INFOPLIST_FILE = YES;
				INFOPLIST_FILE = ttcalendar/Info.plist;
				INFOPLIST_KEY_CFBundleDisplayName = "抬头日历";
				INFOPLIST_KEY_CFBundleName = "抬头日历";
				INFOPLIST_KEY_LSApplicationCategoryType = "public.app-category.productivity";
				INFOPLIST_KEY_NSCalendarsFullAccessUsageDescription = "用于读取本机日历中的节假日信息，并在日历小组件中显示。";
				INFOPLIST_KEY_NSCalendarsUsageDescription = "用于读取本机日历中的节假日信息，并在日历小组件中显示。";
				INFOPLIST_KEY_NSHumanReadableCopyright = "";
				LD_RUNPATH_SEARCH_PATHS = (
					"$(inherited)",
					"@executable_path/../Frameworks",
				);
				MARKETING_VERSION = 1.15;
				PRODUCT_BUNDLE_IDENTIFIER = akmumu.ttcalendar;
				PRODUCT_NAME = "抬头日历";
				REGISTER_APP_GROUPS = YES;
				STRING_CATALOG_GENERATE_SYMBOLS = YES;
				SWIFT_APPROACHABLE_CONCURRENCY = YES;
				SWIFT_DEFAULT_ACTOR_ISOLATION = MainActor;
				SWIFT_EMIT_LOC_STRINGS = YES;
				SWIFT_UPCOMING_FEATURE_MEMBER_IMPORT_VISIBILITY = YES;
				SWIFT_VERSION = 5.0;
			};
			name = Release;
		};
		0AE81C3C2FE0184D005229AF /* Debug */ = {
			isa = XCBuildConfiguration;
			buildSettings = {
				ASSETCATALOG_COMPILER_GLOBAL_ACCENT_COLOR_NAME = AccentColor;
				ASSETCATALOG_COMPILER_WIDGET_BACKGROUND_COLOR_NAME = WidgetBackground;
				CODE_SIGN_ENTITLEMENTS = CalendarWidget/CalendarWidget.entitlements;
				CODE_SIGN_STYLE = Automatic;
				CURRENT_PROJECT_VERSION = 15;
				DEVELOPMENT_TEAM = 5EDXFWFU52;
				ENABLE_APP_SANDBOX = YES;
				ENABLE_HARDENED_RUNTIME = YES;
				GENERATE_INFOPLIST_FILE = YES;
				INFOPLIST_FILE = CalendarWidget/Info.plist;
				INFOPLIST_KEY_CFBundleDisplayName = "抬头日历";
				INFOPLIST_KEY_CFBundleName = "抬头日历";
				INFOPLIST_KEY_NSHumanReadableCopyright = "";
				LD_RUNPATH_SEARCH_PATHS = (
					"$(inherited)",
					"@executable_path/../Frameworks",
					"@executable_path/../../../../Frameworks",
				);
				MACOSX_DEPLOYMENT_TARGET = 26.5;
				MARKETING_VERSION = 1.15;
				PRODUCT_BUNDLE_IDENTIFIER = akmumu.ttcalendar.CalendarWidget;
				PRODUCT_NAME = "$(TARGET_NAME)";
				REGISTER_APP_GROUPS = YES;
				SKIP_INSTALL = YES;
				STRING_CATALOG_GENERATE_SYMBOLS = YES;
				SWIFT_APPROACHABLE_CONCURRENCY = YES;
				SWIFT_EMIT_LOC_STRINGS = YES;
				SWIFT_UPCOMING_FEATURE_MEMBER_IMPORT_VISIBILITY = YES;
				SWIFT_VERSION = 5.0;
			};
			name = Debug;
		};
		0AE81C3D2FE0184D005229AF /* Release */ = {
			isa = XCBuildConfiguration;
			buildSettings = {
				ASSETCATALOG_COMPILER_GLOBAL_ACCENT_COLOR_NAME = AccentColor;
				ASSETCATALOG_COMPILER_WIDGET_BACKGROUND_COLOR_NAME = WidgetBackground;
				CODE_SIGN_ENTITLEMENTS = CalendarWidget/CalendarWidget.entitlements;
				CODE_SIGN_STYLE = Automatic;
				CURRENT_PROJECT_VERSION = 15;
				DEVELOPMENT_TEAM = 5EDXFWFU52;
				ENABLE_APP_SANDBOX = YES;
				ENABLE_HARDENED_RUNTIME = YES;
				GENERATE_INFOPLIST_FILE = YES;
				INFOPLIST_FILE = CalendarWidget/Info.plist;
				INFOPLIST_KEY_CFBundleDisplayName = "抬头日历";
				INFOPLIST_KEY_CFBundleName = "抬头日历";
				INFOPLIST_KEY_NSHumanReadableCopyright = "";
				LD_RUNPATH_SEARCH_PATHS = (
					"$(inherited)",
					"@executable_path/../Frameworks",
					"@executable_path/../../../../Frameworks",
				);
				MACOSX_DEPLOYMENT_TARGET = 26.5;
				MARKETING_VERSION = 1.15;
				PRODUCT_BUNDLE_IDENTIFIER = akmumu.ttcalendar.CalendarWidget;
				PRODUCT_NAME = "$(TARGET_NAME)";
				REGISTER_APP_GROUPS = YES;
				SKIP_INSTALL = YES;
				STRING_CATALOG_GENERATE_SYMBOLS = YES;
				SWIFT_APPROACHABLE_CONCURRENCY = YES;
				SWIFT_EMIT_LOC_STRINGS = YES;
				SWIFT_UPCOMING_FEATURE_MEMBER_IMPORT_VISIBILITY = YES;
				SWIFT_VERSION = 5.0;
			};
			name = Release;
		};
/* End XCBuildConfiguration section */

/* Begin XCConfigurationList section */
		0AE81C0E2FE0024F005229AF /* Build configuration list for PBXProject "ttcalendar" */ = {
			isa = XCConfigurationList;
			buildConfigurations = (
				0AE81C1C2FE00251005229AF /* Debug */,
				0AE81C1D2FE00251005229AF /* Release */,
			);
			defaultConfigurationIsVisible = 0;
			defaultConfigurationName = Release;
		};
		0AE81C1E2FE00251005229AF /* Build configuration list for PBXNativeTarget "ttcalendar" */ = {
			isa = XCConfigurationList;
			buildConfigurations = (
				0AE81C1F2FE00251005229AF /* Debug */,
				0AE81C202FE00251005229AF /* Release */,
			);
			defaultConfigurationIsVisible = 0;
			defaultConfigurationName = Release;
		};
		0AE81C3B2FE0184D005229AF /* Build configuration list for PBXNativeTarget "CalendarWidgetExtension" */ = {
			isa = XCConfigurationList;
			buildConfigurations = (
				0AE81C3C2FE0184D005229AF /* Debug */,
				0AE81C3D2FE0184D005229AF /* Release */,
			);
			defaultConfigurationIsVisible = 0;
			defaultConfigurationName = Release;
		};
/* End XCConfigurationList section */

/* Begin XCRemoteSwiftPackageReference section */
		0AE81C5000000003005229AF /* XCRemoteSwiftPackageReference "Sparkle" */ = {
			isa = XCRemoteSwiftPackageReference;
			repositoryURL = "https://github.com/sparkle-project/Sparkle";
			requirement = {
				kind = upToNextMajorVersion;
				minimumVersion = 2.9.3;
			};
		};
/* End XCRemoteSwiftPackageReference section */

/* Begin XCSwiftPackageProductDependency section */
		0AE81C5000000002005229AF /* Sparkle */ = {
			isa = XCSwiftPackageProductDependency;
			package = 0AE81C5000000003005229AF /* XCRemoteSwiftPackageReference "Sparkle" */;
			productName = Sparkle;
		};
/* End XCSwiftPackageProductDependency section */
	};
	rootObject = 0AE81C0B2FE0024F005229AF /* Project object */;
}
